
Microsoft Visual Studio Solution File, Format Version 12.00
# Visual Studio Version 16
VisualStudioVersion = 16.0.31112.23
MinimumVisualStudioVersion = 10.0.40219.1
Project("{FAE04EC0-301F-11D3-BF4B-00C04F79EFBC}") = "Lab №11.1", "Lab №11.1\Lab №11.1.csproj", "{628BA8C2-91D0-4742-A7A1-616596E7537D}"
EndProject
Global
	GlobalSection(SolutionConfigurationPlatforms) = preSolution
		Debug|Any CPU = Debug|Any CPU
		Release|Any CPU = Release|Any CPU
	EndGlobalSection
	GlobalSection(ProjectConfigurationPlatforms) = postSolution
		{628BA8C2-91D0-4742-A7A1-616596E7537D}.Debug|Any CPU.ActiveCfg = Debug|Any CPU
		{628BA8C2-91D0-4742-A7A1-616596E7537D}.Debug|Any CPU.Build.0 = Debug|Any CPU
		{628BA8C2-91D0-4742-A7A1-616596E7537D}.Release|Any CPU.ActiveCfg = Release|Any CPU
		{628BA8C2-91D0-4742-A7A1-616596E7537D}.Release|Any CPU.Build.0 = Release|Any CPU
	EndGlobalSection
	GlobalSection(SolutionProperties) = preSolution
		HideSolutionNode = FALSE
	EndGlobalSection
	GlobalSection(ExtensibilityGlobals) = postSolution
		SolutionGuid = {0F86352C-1F14-435A-87AC-3A225379C3A1}
	EndGlobalSection
EndGlobal
