
Microsoft Visual Studio Solution File, Format Version 12.00
# Visual Studio Version 16
VisualStudioVersion = 16.0.31205.134
MinimumVisualStudioVersion = 10.0.40219.1
Project("{FAE04EC0-301F-11D3-BF4B-00C04F79EFBC}") = "Lab №14.2", "Lab №14.2\Lab №14.2.csproj", "{7944EEE9-AE4F-45F1-AC41-A15E8D0C1B88}"
EndProject
Global
	GlobalSection(SolutionConfigurationPlatforms) = preSolution
		Debug|Any CPU = Debug|Any CPU
		Release|Any CPU = Release|Any CPU
	EndGlobalSection
	GlobalSection(ProjectConfigurationPlatforms) = postSolution
		{7944EEE9-AE4F-45F1-AC41-A15E8D0C1B88}.Debug|Any CPU.ActiveCfg = Debug|Any CPU
		{7944EEE9-AE4F-45F1-AC41-A15E8D0C1B88}.Debug|Any CPU.Build.0 = Debug|Any CPU
		{7944EEE9-AE4F-45F1-AC41-A15E8D0C1B88}.Release|Any CPU.ActiveCfg = Release|Any CPU
		{7944EEE9-AE4F-45F1-AC41-A15E8D0C1B88}.Release|Any CPU.Build.0 = Release|Any CPU
	EndGlobalSection
	GlobalSection(SolutionProperties) = preSolution
		HideSolutionNode = FALSE
	EndGlobalSection
	GlobalSection(ExtensibilityGlobals) = postSolution
		SolutionGuid = {C4C9E335-380D-4EBC-B9EE-7A550F2469F2}
	EndGlobalSection
EndGlobal
