
Microsoft Visual Studio Solution File, Format Version 12.00
# Visual Studio Version 16
VisualStudioVersion = 16.0.31205.134
MinimumVisualStudioVersion = 10.0.40219.1
Project("{FAE04EC0-301F-11D3-BF4B-00C04F79EFBC}") = "Lab №13.2", "Lab №13.2\Lab №13.2.csproj", "{5E54EA93-77DB-436B-AFD3-996EBCA0CF5D}"
EndProject
Global
	GlobalSection(SolutionConfigurationPlatforms) = preSolution
		Debug|Any CPU = Debug|Any CPU
		Release|Any CPU = Release|Any CPU
	EndGlobalSection
	GlobalSection(ProjectConfigurationPlatforms) = postSolution
		{5E54EA93-77DB-436B-AFD3-996EBCA0CF5D}.Debug|Any CPU.ActiveCfg = Debug|Any CPU
		{5E54EA93-77DB-436B-AFD3-996EBCA0CF5D}.Debug|Any CPU.Build.0 = Debug|Any CPU
		{5E54EA93-77DB-436B-AFD3-996EBCA0CF5D}.Release|Any CPU.ActiveCfg = Release|Any CPU
		{5E54EA93-77DB-436B-AFD3-996EBCA0CF5D}.Release|Any CPU.Build.0 = Release|Any CPU
	EndGlobalSection
	GlobalSection(SolutionProperties) = preSolution
		HideSolutionNode = FALSE
	EndGlobalSection
	GlobalSection(ExtensibilityGlobals) = postSolution
		SolutionGuid = {8BF7851D-3707-433C-91C4-2179FD31F41E}
	EndGlobalSection
EndGlobal
