
Microsoft Visual Studio Solution File, Format Version 12.00
# Visual Studio Version 16
VisualStudioVersion = 16.0.31205.134
MinimumVisualStudioVersion = 10.0.40219.1
Project("{FAE04EC0-301F-11D3-BF4B-00C04F79EFBC}") = "Lab №14.1", "Lab №14.1\Lab №14.1.csproj", "{10990C9F-8AC0-43CA-9411-5D01A09EA47C}"
EndProject
Global
	GlobalSection(SolutionConfigurationPlatforms) = preSolution
		Debug|Any CPU = Debug|Any CPU
		Release|Any CPU = Release|Any CPU
	EndGlobalSection
	GlobalSection(ProjectConfigurationPlatforms) = postSolution
		{10990C9F-8AC0-43CA-9411-5D01A09EA47C}.Debug|Any CPU.ActiveCfg = Debug|Any CPU
		{10990C9F-8AC0-43CA-9411-5D01A09EA47C}.Debug|Any CPU.Build.0 = Debug|Any CPU
		{10990C9F-8AC0-43CA-9411-5D01A09EA47C}.Release|Any CPU.ActiveCfg = Release|Any CPU
		{10990C9F-8AC0-43CA-9411-5D01A09EA47C}.Release|Any CPU.Build.0 = Release|Any CPU
	EndGlobalSection
	GlobalSection(SolutionProperties) = preSolution
		HideSolutionNode = FALSE
	EndGlobalSection
	GlobalSection(ExtensibilityGlobals) = postSolution
		SolutionGuid = {1792ED0C-C2D4-42A6-B20C-89FA0B0519A5}
	EndGlobalSection
EndGlobal
